
Microsoft Visual Studio Solution File, Format Version 12.00
# Visual Studio Version 16
VisualStudioVersion = 16.0.31105.61
MinimumVisualStudioVersion = 10.0.40219.1
Project("{888888A0-9F3D-457C-B088-3A5042F75D52}") = "TCPServer", "TCPServer.pyproj", "{DF289815-AF53-4926-9CDA-A602032E8DCD}"
EndProject
Global
	GlobalSection(SolutionConfigurationPlatforms) = preSolution
		Debug|Any CPU = Debug|Any CPU
		Release|Any CPU = Release|Any CPU
	EndGlobalSection
	GlobalSection(ProjectConfigurationPlatforms) = postSolution
		{DF289815-AF53-4926-9CDA-A602032E8DCD}.Debug|Any CPU.ActiveCfg = Debug|Any CPU
		{DF289815-AF53-4926-9CDA-A602032E8DCD}.Release|Any CPU.ActiveCfg = Release|Any CPU
	EndGlobalSection
	GlobalSection(SolutionProperties) = preSolution
		HideSolutionNode = FALSE
	EndGlobalSection
	GlobalSection(ExtensibilityGlobals) = postSolution
		SolutionGuid = {CB049149-DA88-48BF-A31E-D39A5F18CAC8}
	EndGlobalSection
EndGlobal
